# Code generated by scarb DO NOT EDIT.
version = 1

[[package]]
name = "compliance"
version = "0.1.0"

[[package]]
name = "dva"
version = "0.1.0"
dependencies = [
 "roles",
]

[[package]]
name = "dvd"
version = "0.1.0"
dependencies = [
 "openzeppelin_access",
 "snforge_std",
]

[[package]]
name = "factory"
version = "0.1.0"
dependencies = [
 "openzeppelin_access",
 "snforge_std",
]

[[package]]
name = "openzeppelin_access"
version = "0.17.0"
source = "git+https://github.com/OpenZeppelin/cairo-contracts.git?tag=v0.17.0#bf5d02c25c989ccc24f3ab42ec649617d3f21289"
dependencies = [
 "openzeppelin_introspection",
 "openzeppelin_utils",
]

[[package]]
name = "openzeppelin_introspection"
version = "0.17.0"
source = "git+https://github.com/OpenZeppelin/cairo-contracts.git?tag=v0.17.0#bf5d02c25c989ccc24f3ab42ec649617d3f21289"

[[package]]
name = "openzeppelin_utils"
version = "0.17.0"
source = "git+https://github.com/OpenZeppelin/cairo-contracts.git?tag=v0.17.0#bf5d02c25c989ccc24f3ab42ec649617d3f21289"

[[package]]
name = "registry"
version = "0.1.0"
dependencies = [
 "openzeppelin_access",
 "snforge_std",
]

[[package]]
name = "roles"
version = "0.1.0"
dependencies = [
 "openzeppelin_access",
 "snforge_std",
]

[[package]]
name = "snforge_scarb_plugin"
version = "0.31.0"
source = "git+https://github.com/foundry-rs/starknet-foundry?tag=v0.31.0#72ea785ca354e9e506de3e5d687da9fb2c1b3c67"

[[package]]
name = "snforge_std"
version = "0.31.0"
source = "git+https://github.com/foundry-rs/starknet-foundry?tag=v0.31.0#72ea785ca354e9e506de3e5d687da9fb2c1b3c67"
dependencies = [
 "snforge_scarb_plugin",
]

[[package]]
name = "token"
version = "0.1.0"
dependencies = [
 "compliance",
 "openzeppelin_access",
 "registry",
 "snforge_std",
]
